
Microsoft Visual Studio Solution File, Format Version 12.00
# Visual Studio Version 17
VisualStudioVersion = 17.0.31903.59
MinimumVisualStudioVersion = 10.0.40219.1
Project("{FAE04EC0-301F-11D3-BF4B-00C04F79EFBC}") = "TrackMyMoney.API", "TrackMyMoney.API\TrackMyMoney.API.csproj", "{75FA7D02-EE34-4C28-A5C0-635FA0704C07}"
EndProject
Global
	GlobalSection(SolutionConfigurationPlatforms) = preSolution
		Debug|Any CPU = Debug|Any CPU
		Release|Any CPU = Release|Any CPU
	EndGlobalSection
	GlobalSection(SolutionProperties) = preSolution
		HideSolutionNode = FALSE
	EndGlobalSection
	GlobalSection(ProjectConfigurationPlatforms) = postSolution
		{75FA7D02-EE34-4C28-A5C0-635FA0704C07}.Debug|Any CPU.ActiveCfg = Debug|Any CPU
		{75FA7D02-EE34-4C28-A5C0-635FA0704C07}.Debug|Any CPU.Build.0 = Debug|Any CPU
		{75FA7D02-EE34-4C28-A5C0-635FA0704C07}.Release|Any CPU.ActiveCfg = Release|Any CPU
		{75FA7D02-EE34-4C28-A5C0-635FA0704C07}.Release|Any CPU.Build.0 = Release|Any CPU
	EndGlobalSection
EndGlobal
